
Microsoft Visual Studio Solution File, Format Version 12.00
# Visual Studio Version 16
VisualStudioVersion = 16.0.29926.136
MinimumVisualStudioVersion = 10.0.40219.1
Project("{FAE04EC0-301F-11D3-BF4B-00C04F79EFBC}") = "Products", "Products\Products.csproj", "{2BBA13A0-6CDD-42E5-B136-BA398DCB65F7}"
EndProject
Project("{FAE04EC0-301F-11D3-BF4B-00C04F79EFBC}") = "Products.Library", "Products.Library\Products.Library.csproj", "{946A59D0-A25D-4DEC-8A40-66E167C44D36}"
EndProject
Global
	GlobalSection(SolutionConfigurationPlatforms) = preSolution
		Debug|Any CPU = Debug|Any CPU
		Release|Any CPU = Release|Any CPU
	EndGlobalSection
	GlobalSection(ProjectConfigurationPlatforms) = postSolution
		{2BBA13A0-6CDD-42E5-B136-BA398DCB65F7}.Debug|Any CPU.ActiveCfg = Debug|Any CPU
		{2BBA13A0-6CDD-42E5-B136-BA398DCB65F7}.Debug|Any CPU.Build.0 = Debug|Any CPU
		{2BBA13A0-6CDD-42E5-B136-BA398DCB65F7}.Release|Any CPU.ActiveCfg = Release|Any CPU
		{2BBA13A0-6CDD-42E5-B136-BA398DCB65F7}.Release|Any CPU.Build.0 = Release|Any CPU
		{946A59D0-A25D-4DEC-8A40-66E167C44D36}.Debug|Any CPU.ActiveCfg = Debug|Any CPU
		{946A59D0-A25D-4DEC-8A40-66E167C44D36}.Debug|Any CPU.Build.0 = Debug|Any CPU
		{946A59D0-A25D-4DEC-8A40-66E167C44D36}.Release|Any CPU.ActiveCfg = Release|Any CPU
		{946A59D0-A25D-4DEC-8A40-66E167C44D36}.Release|Any CPU.Build.0 = Release|Any CPU
	EndGlobalSection
	GlobalSection(SolutionProperties) = preSolution
		HideSolutionNode = FALSE
	EndGlobalSection
	GlobalSection(ExtensibilityGlobals) = postSolution
		SolutionGuid = {EC541F0D-794E-4FB6-B394-424EB18D6287}
	EndGlobalSection
EndGlobal
